PODS:
  - CombineDataSources (0.2.5)
  - Eureka (5.3.3)
  - IQKeyboardManagerSwift (6.5.6)
  - Loaf (0.7.0)
  - Nimble (9.2.0)
  - Quick (4.0.0)
  - Realm (10.18.0):
    - Realm/Headers (= 10.18.0)
  - Realm/Headers (10.18.0)
  - RealmSwift (10.18.0):
    - Realm (= 10.18.0)
  - SwiftyBeaver (1.9.5)
  - Swinject (2.7.1)
  - TinyConstraints (4.0.1)

DEPENDENCIES:
  - CombineDataSources
  - Eureka
  - IQKeyboardManagerSwift
  - Loaf
  - Nimble
  - Quick
  - Realm (= 10.18.0)
  - RealmSwift (= 10.18.0)
  - SwiftyBeaver
  - Swinject
  - TinyConstraints

SPEC REPOS:
  trunk:
    - CombineDataSources
    - Eureka
    - IQKeyboardManagerSwift
    - Loaf
    - Nimble
    - Quick
    - Realm
    - RealmSwift
    - SwiftyBeaver
    - Swinject
    - TinyConstraints

SPEC CHECKSUMS:
  CombineDataSources: dcbc3b06a038ffdf620b3b4533d3ecaf76ca6a2e
  Eureka: e6d720290c56bb23333ad1a0e020b2a98a0e9a43
  IQKeyboardManagerSwift: c7df9d2deb356c04522f5c4b7b6e4ce4d8ed94fe
  Loaf: d69937cd00649f3fa260beb8b7aef0a1feb861ef
  Nimble: 4f4a345c80b503b3ea13606a4f98405974ee4d0b
  Quick: 6473349e43b9271a8d43839d9ba1c442ed1b7ac4
  Realm: b8b0a36bf48c39c50fd8cee7ac34005e6d887ddd
  RealmSwift: fe2f33d731f47aaf4c3618930f9f7cf7b935c33f
  SwiftyBeaver: 84069991dd5dca07d7069100985badaca7f0ce82
  Swinject: ddf78b8486dd9b71a667b852cad919ab4484478e
  TinyConstraints: 8dd91295e56797648c7bc335dd20e1d91ec4c192

PODFILE CHECKSUM: ed2a82088dd926c75fe1c098630720300ee015a1

COCOAPODS: 1.15.2
