// !$*UTF8*$!
{
	archiveVersion = 1;
	classes = {
	};
	objectVersion = 51;
	objects = {

/* Begin PBXBuildFile section */
		780770DF25C6391700071EF3 /* Localizable.strings in Resources */ = {isa = PBXBuildFile; fileRef = 780770DE25C6391700071EF3 /* Localizable.strings */; };
		780770ED25C75C0400071EF3 /* Collection+Helpers.swift in Sources */ = {isa = PBXBuildFile; fileRef = 780770EC25C75C0400071EF3 /* Collection+Helpers.swift */; };
		780770F125C769E300071EF3 /* RegexValidator.swift in Sources */ = {isa = PBXBuildFile; fileRef = 780770F025C769E300071EF3 /* RegexValidator.swift */; };
		7824688225CF76C800B1B9E4 /* TabViewController.swift in Sources */ = {isa = PBXBuildFile; fileRef = 7824688125CF76C800B1B9E4 /* TabViewController.swift */; };
		7824688425CF78C600B1B9E4 /* ErrorViewController.swift in Sources */ = {isa = PBXBuildFile; fileRef = 7824688325CF78C600B1B9E4 /* ErrorViewController.swift */; };
		7824688625CF78EE00B1B9E4 /* ErrorView.swift in Sources */ = {isa = PBXBuildFile; fileRef = 7824688525CF78EE00B1B9E4 /* ErrorView.swift */; };
		7824688925CF7B4A00B1B9E4 /* Accessibility.swift in Sources */ = {isa = PBXBuildFile; fileRef = 7824688825CF7B4A00B1B9E4 /* Accessibility.swift */; };
		782468A425CF992B00B1B9E4 /* AppCoordinatorTests.swift in Sources */ = {isa = PBXBuildFile; fileRef = 782468A125CF992000B1B9E4 /* AppCoordinatorTests.swift */; };
		782468AE25D03E8A00B1B9E4 /* NavigationControllerMock.swift in Sources */ = {isa = PBXBuildFile; fileRef = 782468AA25D03E5600B1B9E4 /* NavigationControllerMock.swift */; };
		782927DE25C50AF800F41574 /* Preferences.swift in Sources */ = {isa = PBXBuildFile; fileRef = 782927DD25C50AF800F41574 /* Preferences.swift */; };
		7829281F25C5C15700F41574 /* UIView+Helpers.swift in Sources */ = {isa = PBXBuildFile; fileRef = 7829281E25C5C15700F41574 /* UIView+Helpers.swift */; };
		782E6D8D25D0404F0057705E /* AuthServiceMock.swift in Sources */ = {isa = PBXBuildFile; fileRef = 782E6D8C25D0404F0057705E /* AuthServiceMock.swift */; };
		782E6D9325D060BD0057705E /* LoadingViewController.swift in Sources */ = {isa = PBXBuildFile; fileRef = 782E6D8F25D060AF0057705E /* LoadingViewController.swift */; };
		782E6D9B25D061860057705E /* LoadingView.swift in Sources */ = {isa = PBXBuildFile; fileRef = 782E6D9725D060EE0057705E /* LoadingView.swift */; };
		783222DC25C378EF00D466ED /* AppDelegate.swift in Sources */ = {isa = PBXBuildFile; fileRef = 783222DB25C378EF00D466ED /* AppDelegate.swift */; };
		783222E525C378F000D466ED /* Assets.xcassets in Resources */ = {isa = PBXBuildFile; fileRef = 783222E425C378F000D466ED /* Assets.xcassets */; };
		783222E825C378F000D466ED /* LaunchScreen.storyboard in Resources */ = {isa = PBXBuildFile; fileRef = 783222E625C378F000D466ED /* LaunchScreen.storyboard */; };
		783222FF25C37A6B00D466ED /* Coordinator.swift in Sources */ = {isa = PBXBuildFile; fileRef = 783222FE25C37A6B00D466ED /* Coordinator.swift */; };
		7832230325C37BC800D466ED /* AppCoordinator.swift in Sources */ = {isa = PBXBuildFile; fileRef = 7832230225C37BC800D466ED /* AppCoordinator.swift */; };
		784C343B25CF172000DA24E1 /* InfoPlist.strings in Resources */ = {isa = PBXBuildFile; fileRef = 784C343A25CF172000DA24E1 /* InfoPlist.strings */; };
		784C344B25CF342600DA24E1 /* WelcomeViewController.swift in Sources */ = {isa = PBXBuildFile; fileRef = 784C344A25CF342600DA24E1 /* WelcomeViewController.swift */; };
		784C345525CF55F600DA24E1 /* WelcomeView.swift in Sources */ = {isa = PBXBuildFile; fileRef = 784C345425CF55F600DA24E1 /* WelcomeView.swift */; };
		78C0909225D083E900C8563B /* LoggerSetUp.swift in Sources */ = {isa = PBXBuildFile; fileRef = 78C0909125D083E900C8563B /* LoggerSetUp.swift */; };
		78C0909F25D0841B00C8563B /* BeskarKit.framework in Frameworks */ = {isa = PBXBuildFile; fileRef = 78C0909825D0841B00C8563B /* BeskarKit.framework */; };
		78C090A025D0841B00C8563B /* BeskarKit.framework in Embed Frameworks */ = {isa = PBXBuildFile; fileRef = 78C0909825D0841B00C8563B /* BeskarKit.framework */; settings = {ATTRIBUTES = (CodeSignOnCopy, RemoveHeadersOnCopy, ); }; };
		78C090A125D0841B00C8563B /* BeskarUI.framework in Frameworks */ = {isa = PBXBuildFile; fileRef = 78C0909925D0841B00C8563B /* BeskarUI.framework */; };
		78C090A225D0841B00C8563B /* BeskarUI.framework in Embed Frameworks */ = {isa = PBXBuildFile; fileRef = 78C0909925D0841B00C8563B /* BeskarUI.framework */; settings = {ATTRIBUTES = (CodeSignOnCopy, RemoveHeadersOnCopy, ); }; };
		78C090A325D0841B00C8563B /* Pods_Beskar.framework in Frameworks */ = {isa = PBXBuildFile; fileRef = 78C0909A25D0841B00C8563B /* Pods_Beskar.framework */; };
		78C090A425D0841B00C8563B /* Pods_Beskar.framework in Embed Frameworks */ = {isa = PBXBuildFile; fileRef = 78C0909A25D0841B00C8563B /* Pods_Beskar.framework */; settings = {ATTRIBUTES = (CodeSignOnCopy, RemoveHeadersOnCopy, ); }; };
		78DB116325C6375100335F7B /* String+Helpers.swift in Sources */ = {isa = PBXBuildFile; fileRef = 78DB116225C6375100335F7B /* String+Helpers.swift */; };
/* End PBXBuildFile section */

/* Begin PBXContainerItemProxy section */
		7824689A25CF990300B1B9E4 /* PBXContainerItemProxy */ = {
			isa = PBXContainerItemProxy;
			containerPortal = 783222D025C378EF00D466ED /* Project object */;
			proxyType = 1;
			remoteGlobalIDString = 783222D725C378EF00D466ED;
			remoteInfo = Beskar;
		};
/* End PBXContainerItemProxy section */

/* Begin PBXCopyFilesBuildPhase section */
		78C090AD25D0841B00C8563B /* Embed Frameworks */ = {
			isa = PBXCopyFilesBuildPhase;
			buildActionMask = 2147483647;
			dstPath = "";
			dstSubfolderSpec = 10;
			files = (
				78C090A225D0841B00C8563B /* BeskarUI.framework in Embed Frameworks */,
				78C090A425D0841B00C8563B /* Pods_Beskar.framework in Embed Frameworks */,
				78C090A025D0841B00C8563B /* BeskarKit.framework in Embed Frameworks */,
			);
			name = "Embed Frameworks";
			runOnlyForDeploymentPostprocessing = 0;
		};
/* End PBXCopyFilesBuildPhase section */

/* Begin PBXFileReference section */
		36F6EF945829005FD033F5B5 /* Pods-Beskar.release.xcconfig */ = {isa = PBXFileReference; includeInIndex = 1; lastKnownFileType = text.xcconfig; name = "Pods-Beskar.release.xcconfig"; path = "Target Support Files/Pods-Beskar/Pods-Beskar.release.xcconfig"; sourceTree = "<group>"; };
		780770DE25C6391700071EF3 /* Localizable.strings */ = {isa = PBXFileReference; lastKnownFileType = text.plist.strings; path = Localizable.strings; sourceTree = "<group>"; };
		780770EC25C75C0400071EF3 /* Collection+Helpers.swift */ = {isa = PBXFileReference; lastKnownFileType = sourcecode.swift; path = "Collection+Helpers.swift"; sourceTree = "<group>"; };
		780770F025C769E300071EF3 /* RegexValidator.swift */ = {isa = PBXFileReference; lastKnownFileType = sourcecode.swift; path = RegexValidator.swift; sourceTree = "<group>"; };
		7824688125CF76C800B1B9E4 /* TabViewController.swift */ = {isa = PBXFileReference; lastKnownFileType = sourcecode.swift; path = TabViewController.swift; sourceTree = "<group>"; };
		7824688325CF78C600B1B9E4 /* ErrorViewController.swift */ = {isa = PBXFileReference; lastKnownFileType = sourcecode.swift; path = ErrorViewController.swift; sourceTree = "<group>"; };
		7824688525CF78EE00B1B9E4 /* ErrorView.swift */ = {isa = PBXFileReference; lastKnownFileType = sourcecode.swift; path = ErrorView.swift; sourceTree = "<group>"; };
		7824688825CF7B4A00B1B9E4 /* Accessibility.swift */ = {isa = PBXFileReference; lastKnownFileType = sourcecode.swift; path = Accessibility.swift; sourceTree = "<group>"; };
		7824689525CF990300B1B9E4 /* BeskarTests.xctest */ = {isa = PBXFileReference; explicitFileType = wrapper.cfbundle; includeInIndex = 0; path = BeskarTests.xctest; sourceTree = BUILT_PRODUCTS_DIR; };
		7824689925CF990300B1B9E4 /* Info.plist */ = {isa = PBXFileReference; lastKnownFileType = text.plist.xml; path = Info.plist; sourceTree = "<group>"; };
		782468A125CF992000B1B9E4 /* AppCoordinatorTests.swift */ = {isa = PBXFileReference; lastKnownFileType = sourcecode.swift; path = AppCoordinatorTests.swift; sourceTree = "<group>"; };
		782468AA25D03E5600B1B9E4 /* NavigationControllerMock.swift */ = {isa = PBXFileReference; lastKnownFileType = sourcecode.swift; path = NavigationControllerMock.swift; sourceTree = "<group>"; };
		782927DD25C50AF800F41574 /* Preferences.swift */ = {isa = PBXFileReference; lastKnownFileType = sourcecode.swift; path = Preferences.swift; sourceTree = "<group>"; };
		782927F725C50BB900F41574 /* BeskarKit.framework */ = {isa = PBXFileReference; explicitFileType = wrapper.framework; path = BeskarKit.framework; sourceTree = BUILT_PRODUCTS_DIR; };
		7829281E25C5C15700F41574 /* UIView+Helpers.swift */ = {isa = PBXFileReference; lastKnownFileType = sourcecode.swift; path = "UIView+Helpers.swift"; sourceTree = "<group>"; };
		782E6D8C25D0404F0057705E /* AuthServiceMock.swift */ = {isa = PBXFileReference; lastKnownFileType = sourcecode.swift; path = AuthServiceMock.swift; sourceTree = "<group>"; };
		782E6D8F25D060AF0057705E /* LoadingViewController.swift */ = {isa = PBXFileReference; lastKnownFileType = sourcecode.swift; path = LoadingViewController.swift; sourceTree = "<group>"; };
		782E6D9725D060EE0057705E /* LoadingView.swift */ = {isa = PBXFileReference; lastKnownFileType = sourcecode.swift; path = LoadingView.swift; sourceTree = "<group>"; };
		783222D825C378EF00D466ED /* Beskar.app */ = {isa = PBXFileReference; explicitFileType = wrapper.application; includeInIndex = 0; path = Beskar.app; sourceTree = BUILT_PRODUCTS_DIR; };
		783222DB25C378EF00D466ED /* AppDelegate.swift */ = {isa = PBXFileReference; lastKnownFileType = sourcecode.swift; path = AppDelegate.swift; sourceTree = "<group>"; };
		783222E425C378F000D466ED /* Assets.xcassets */ = {isa = PBXFileReference; lastKnownFileType = folder.assetcatalog; path = Assets.xcassets; sourceTree = "<group>"; };
		783222E725C378F000D466ED /* Base */ = {isa = PBXFileReference; lastKnownFileType = file.storyboard; name = Base; path = Base.lproj/LaunchScreen.storyboard; sourceTree = "<group>"; };
		783222E925C378F000D466ED /* Info.plist */ = {isa = PBXFileReference; lastKnownFileType = text.plist.xml; path = Info.plist; sourceTree = "<group>"; };
		783222FE25C37A6B00D466ED /* Coordinator.swift */ = {isa = PBXFileReference; lastKnownFileType = sourcecode.swift; path = Coordinator.swift; sourceTree = "<group>"; };
		7832230225C37BC800D466ED /* AppCoordinator.swift */ = {isa = PBXFileReference; lastKnownFileType = sourcecode.swift; path = AppCoordinator.swift; sourceTree = "<group>"; };
		7832236325C44B9800D466ED /* BeskarUI.framework */ = {isa = PBXFileReference; explicitFileType = wrapper.framework; path = BeskarUI.framework; sourceTree = BUILT_PRODUCTS_DIR; };
		7839406890ED8CB937510255 /* Pods_Beskar.framework */ = {isa = PBXFileReference; explicitFileType = wrapper.framework; includeInIndex = 0; path = Pods_Beskar.framework; sourceTree = BUILT_PRODUCTS_DIR; };
		784C343A25CF172000DA24E1 /* InfoPlist.strings */ = {isa = PBXFileReference; lastKnownFileType = text.plist.strings; path = InfoPlist.strings; sourceTree = "<group>"; };
		784C344A25CF342600DA24E1 /* WelcomeViewController.swift */ = {isa = PBXFileReference; lastKnownFileType = sourcecode.swift; path = WelcomeViewController.swift; sourceTree = "<group>"; };
		784C345425CF55F600DA24E1 /* WelcomeView.swift */ = {isa = PBXFileReference; lastKnownFileType = sourcecode.swift; path = WelcomeView.swift; sourceTree = "<group>"; };
		78C0909125D083E900C8563B /* LoggerSetUp.swift */ = {isa = PBXFileReference; lastKnownFileType = sourcecode.swift; path = LoggerSetUp.swift; sourceTree = "<group>"; };
		78C0909825D0841B00C8563B /* BeskarKit.framework */ = {isa = PBXFileReference; explicitFileType = wrapper.framework; path = BeskarKit.framework; sourceTree = BUILT_PRODUCTS_DIR; };
		78C0909925D0841B00C8563B /* BeskarUI.framework */ = {isa = PBXFileReference; explicitFileType = wrapper.framework; path = BeskarUI.framework; sourceTree = BUILT_PRODUCTS_DIR; };
		78C0909A25D0841B00C8563B /* Pods_Beskar.framework */ = {isa = PBXFileReference; explicitFileType = wrapper.framework; path = Pods_Beskar.framework; sourceTree = BUILT_PRODUCTS_DIR; };
		78C0909B25D0841B00C8563B /* Realm.framework */ = {isa = PBXFileReference; explicitFileType = wrapper.framework; path = Realm.framework; sourceTree = BUILT_PRODUCTS_DIR; };
		78C0909C25D0841B00C8563B /* RealmSwift.framework */ = {isa = PBXFileReference; explicitFileType = wrapper.framework; path = RealmSwift.framework; sourceTree = BUILT_PRODUCTS_DIR; };
		78C0909D25D0841B00C8563B /* SwiftyBeaver.framework */ = {isa = PBXFileReference; explicitFileType = wrapper.framework; path = SwiftyBeaver.framework; sourceTree = BUILT_PRODUCTS_DIR; };
		78C0909E25D0841B00C8563B /* TinyConstraints.framework */ = {isa = PBXFileReference; explicitFileType = wrapper.framework; path = TinyConstraints.framework; sourceTree = BUILT_PRODUCTS_DIR; };
		78DB116225C6375100335F7B /* String+Helpers.swift */ = {isa = PBXFileReference; lastKnownFileType = sourcecode.swift; path = "String+Helpers.swift"; sourceTree = "<group>"; };
		DCCC7C8C290A48F8F57AC728 /* Pods-Beskar.debug.xcconfig */ = {isa = PBXFileReference; includeInIndex = 1; lastKnownFileType = text.xcconfig; name = "Pods-Beskar.debug.xcconfig"; path = "Target Support Files/Pods-Beskar/Pods-Beskar.debug.xcconfig"; sourceTree = "<group>"; };
/* End PBXFileReference section */

/* Begin PBXFrameworksBuildPhase section */
		7824689225CF990300B1B9E4 /* Frameworks */ = {
			isa = PBXFrameworksBuildPhase;
			buildActionMask = 2147483647;
			files = (
			);
			runOnlyForDeploymentPostprocessing = 0;
		};
		783222D525C378EF00D466ED /* Frameworks */ = {
			isa = PBXFrameworksBuildPhase;
			buildActionMask = 2147483647;
			files = (
				78C090A125D0841B00C8563B /* BeskarUI.framework in Frameworks */,
				78C090A325D0841B00C8563B /* Pods_Beskar.framework in Frameworks */,
				78C0909F25D0841B00C8563B /* BeskarKit.framework in Frameworks */,
			);
			runOnlyForDeploymentPostprocessing = 0;
		};
/* End PBXFrameworksBuildPhase section */

/* Begin PBXGroup section */
		7824688725CF7A9F00B1B9E4 /* Accessibility */ = {
			isa = PBXGroup;
			children = (
				7824688825CF7B4A00B1B9E4 /* Accessibility.swift */,
			);
			path = Accessibility;
			sourceTree = "<group>";
		};
		7824689025CF98A900B1B9E4 /* Tests */ = {
			isa = PBXGroup;
			children = (
				782468A925D03E3E00B1B9E4 /* Mocks */,
				782468A825D03E3800B1B9E4 /* Tests */,
				7824689925CF990300B1B9E4 /* Info.plist */,
			);
			path = Tests;
			sourceTree = "<group>";
		};
		782468A825D03E3800B1B9E4 /* Tests */ = {
			isa = PBXGroup;
			children = (
				782468A125CF992000B1B9E4 /* AppCoordinatorTests.swift */,
			);
			path = Tests;
			sourceTree = "<group>";
		};
		782468A925D03E3E00B1B9E4 /* Mocks */ = {
			isa = PBXGroup;
			children = (
				782468AA25D03E5600B1B9E4 /* NavigationControllerMock.swift */,
				782E6D8C25D0404F0057705E /* AuthServiceMock.swift */,
			);
			path = Mocks;
			sourceTree = "<group>";
		};
		782927DB25C50ACF00F41574 /* View */ = {
			isa = PBXGroup;
			children = (
				782E6D9625D060C60057705E /* Base */,
				784C345425CF55F600DA24E1 /* WelcomeView.swift */,
			);
			path = View;
			sourceTree = "<group>";
		};
		782927DC25C50AE300F41574 /* Common */ = {
			isa = PBXGroup;
			children = (
				780770EC25C75C0400071EF3 /* Collection+Helpers.swift */,
				782927DD25C50AF800F41574 /* Preferences.swift */,
				780770F025C769E300071EF3 /* RegexValidator.swift */,
				78DB116225C6375100335F7B /* String+Helpers.swift */,
				7829281E25C5C15700F41574 /* UIView+Helpers.swift */,
			);
			path = Common;
			sourceTree = "<group>";
		};
		782E6D9225D060B50057705E /* Base */ = {
			isa = PBXGroup;
			children = (
				7824688325CF78C600B1B9E4 /* ErrorViewController.swift */,
				782E6D8F25D060AF0057705E /* LoadingViewController.swift */,
			);
			path = Base;
			sourceTree = "<group>";
		};
		782E6D9625D060C60057705E /* Base */ = {
			isa = PBXGroup;
			children = (
				7824688525CF78EE00B1B9E4 /* ErrorView.swift */,
				782E6D9725D060EE0057705E /* LoadingView.swift */,
			);
			path = Base;
			sourceTree = "<group>";
		};
		783222CF25C378EF00D466ED = {
			isa = PBXGroup;
			children = (
				783222F425C3794000D466ED /* Resources */,
				783222F225C3791E00D466ED /* Sources */,
				7824689025CF98A900B1B9E4 /* Tests */,
				783222D925C378EF00D466ED /* Products */,
				7832236225C44B9700D466ED /* Frameworks */,
				96BE48E766B528A62D2B1EFA /* Pods */,
			);
			sourceTree = "<group>";
		};
		783222D925C378EF00D466ED /* Products */ = {
			isa = PBXGroup;
			children = (
				783222D825C378EF00D466ED /* Beskar.app */,
				7824689525CF990300B1B9E4 /* BeskarTests.xctest */,
			);
			name = Products;
			sourceTree = "<group>";
		};
		783222F125C3791700D466ED /* Controller */ = {
			isa = PBXGroup;
			children = (
				782E6D9225D060B50057705E /* Base */,
				784C344A25CF342600DA24E1 /* WelcomeViewController.swift */,
				7824688125CF76C800B1B9E4 /* TabViewController.swift */,
			);
			path = Controller;
			sourceTree = "<group>";
		};
		783222F225C3791E00D466ED /* Sources */ = {
			isa = PBXGroup;
			children = (
				7824688725CF7A9F00B1B9E4 /* Accessibility */,
				783222F625C3796800D466ED /* Base */,
				782927DC25C50AE300F41574 /* Common */,
				783222FD25C37A6000D466ED /* Coordinator */,
				783222F125C3791700D466ED /* Controller */,
				782927DB25C50ACF00F41574 /* View */,
				78ECC27825C6152300880193 /* ViewModel */,
			);
			path = Sources;
			sourceTree = "<group>";
		};
		783222F425C3794000D466ED /* Resources */ = {
			isa = PBXGroup;
			children = (
				783222E925C378F000D466ED /* Info.plist */,
				783222E625C378F000D466ED /* LaunchScreen.storyboard */,
				783222E425C378F000D466ED /* Assets.xcassets */,
				780770DE25C6391700071EF3 /* Localizable.strings */,
				784C343A25CF172000DA24E1 /* InfoPlist.strings */,
			);
			path = Resources;
			sourceTree = "<group>";
		};
		783222F625C3796800D466ED /* Base */ = {
			isa = PBXGroup;
			children = (
				783222DB25C378EF00D466ED /* AppDelegate.swift */,
				78C0909125D083E900C8563B /* LoggerSetUp.swift */,
			);
			path = Base;
			sourceTree = "<group>";
		};
		783222FD25C37A6000D466ED /* Coordinator */ = {
			isa = PBXGroup;
			children = (
				783222FE25C37A6B00D466ED /* Coordinator.swift */,
				7832230225C37BC800D466ED /* AppCoordinator.swift */,
			);
			path = Coordinator;
			sourceTree = "<group>";
		};
		7832236225C44B9700D466ED /* Frameworks */ = {
			isa = PBXGroup;
			children = (
				78C0909825D0841B00C8563B /* BeskarKit.framework */,
				78C0909925D0841B00C8563B /* BeskarUI.framework */,
				78C0909A25D0841B00C8563B /* Pods_Beskar.framework */,
				78C0909B25D0841B00C8563B /* Realm.framework */,
				78C0909C25D0841B00C8563B /* RealmSwift.framework */,
				78C0909D25D0841B00C8563B /* SwiftyBeaver.framework */,
				78C0909E25D0841B00C8563B /* TinyConstraints.framework */,
				782927F725C50BB900F41574 /* BeskarKit.framework */,
				7832236325C44B9800D466ED /* BeskarUI.framework */,
				7839406890ED8CB937510255 /* Pods_Beskar.framework */,
			);
			name = Frameworks;
			sourceTree = "<group>";
		};
		78ECC27825C6152300880193 /* ViewModel */ = {
			isa = PBXGroup;
			children = (
			);
			path = ViewModel;
			sourceTree = "<group>";
		};
		96BE48E766B528A62D2B1EFA /* Pods */ = {
			isa = PBXGroup;
			children = (
				DCCC7C8C290A48F8F57AC728 /* Pods-Beskar.debug.xcconfig */,
				36F6EF945829005FD033F5B5 /* Pods-Beskar.release.xcconfig */,
			);
			name = Pods;
			path = ../Pods;
			sourceTree = "<group>";
		};
/* End PBXGroup section */

/* Begin PBXNativeTarget section */
		7824689425CF990300B1B9E4 /* BeskarTests */ = {
			isa = PBXNativeTarget;
			buildConfigurationList = 7824689C25CF990300B1B9E4 /* Build configuration list for PBXNativeTarget "BeskarTests" */;
			buildPhases = (
				7824689125CF990300B1B9E4 /* Sources */,
				7824689225CF990300B1B9E4 /* Frameworks */,
				7824689325CF990300B1B9E4 /* Resources */,
			);
			buildRules = (
			);
			dependencies = (
				7824689B25CF990300B1B9E4 /* PBXTargetDependency */,
			);
			name = BeskarTests;
			productName = BeskarTests;
			productReference = 7824689525CF990300B1B9E4 /* BeskarTests.xctest */;
			productType = "com.apple.product-type.bundle.unit-test";
		};
		783222D725C378EF00D466ED /* Beskar */ = {
			isa = PBXNativeTarget;
			buildConfigurationList = 783222EC25C378F000D466ED /* Build configuration list for PBXNativeTarget "Beskar" */;
			buildPhases = (
				5520B2381E25DA9726A68894 /* [CP] Check Pods Manifest.lock */,
				783222D425C378EF00D466ED /* Sources */,
				783222D525C378EF00D466ED /* Frameworks */,
				783222D625C378EF00D466ED /* Resources */,
				0D17D0D57CF3F338086F1913 /* [CP] Embed Pods Frameworks */,
				78C090AD25D0841B00C8563B /* Embed Frameworks */,
			);
			buildRules = (
			);
			dependencies = (
			);
			name = Beskar;
			productName = Beskar;
			productReference = 783222D825C378EF00D466ED /* Beskar.app */;
			productType = "com.apple.product-type.application";
		};
/* End PBXNativeTarget section */

/* Begin PBXProject section */
		783222D025C378EF00D466ED /* Project object */ = {
			isa = PBXProject;
			attributes = {
				LastSwiftUpdateCheck = 1240;
				LastUpgradeCheck = 1220;
				TargetAttributes = {
					7824689425CF990300B1B9E4 = {
						CreatedOnToolsVersion = 12.4;
						TestTargetID = 783222D725C378EF00D466ED;
					};
					783222D725C378EF00D466ED = {
						CreatedOnToolsVersion = 12.2;
					};
				};
			};
			buildConfigurationList = 783222D325C378EF00D466ED /* Build configuration list for PBXProject "Beskar" */;
			compatibilityVersion = "Xcode 9.3";
			developmentRegion = en;
			hasScannedForEncodings = 0;
			knownRegions = (
				en,
				Base,
			);
			mainGroup = 783222CF25C378EF00D466ED;
			productRefGroup = 783222D925C378EF00D466ED /* Products */;
			projectDirPath = "";
			projectRoot = "";
			targets = (
				783222D725C378EF00D466ED /* Beskar */,
				7824689425CF990300B1B9E4 /* BeskarTests */,
			);
		};
/* End PBXProject section */

/* Begin PBXResourcesBuildPhase section */
		7824689325CF990300B1B9E4 /* Resources */ = {
			isa = PBXResourcesBuildPhase;
			buildActionMask = 2147483647;
			files = (
			);
			runOnlyForDeploymentPostprocessing = 0;
		};
		783222D625C378EF00D466ED /* Resources */ = {
			isa = PBXResourcesBuildPhase;
			buildActionMask = 2147483647;
			files = (
				783222E825C378F000D466ED /* LaunchScreen.storyboard in Resources */,
				784C343B25CF172000DA24E1 /* InfoPlist.strings in Resources */,
				780770DF25C6391700071EF3 /* Localizable.strings in Resources */,
				783222E525C378F000D466ED /* Assets.xcassets in Resources */,
			);
			runOnlyForDeploymentPostprocessing = 0;
		};
/* End PBXResourcesBuildPhase section */

/* Begin PBXShellScriptBuildPhase section */
		0D17D0D57CF3F338086F1913 /* [CP] Embed Pods Frameworks */ = {
			isa = PBXShellScriptBuildPhase;
			buildActionMask = 2147483647;
			files = (
			);
			inputFileListPaths = (
				"${PODS_ROOT}/Target Support Files/Pods-Beskar/Pods-Beskar-frameworks-${CONFIGURATION}-input-files.xcfilelist",
			);
			name = "[CP] Embed Pods Frameworks";
			outputFileListPaths = (
				"${PODS_ROOT}/Target Support Files/Pods-Beskar/Pods-Beskar-frameworks-${CONFIGURATION}-output-files.xcfilelist",
			);
			runOnlyForDeploymentPostprocessing = 0;
			shellPath = /bin/sh;
			shellScript = "\"${PODS_ROOT}/Target Support Files/Pods-Beskar/Pods-Beskar-frameworks.sh\"\n";
			showEnvVarsInLog = 0;
		};
		5520B2381E25DA9726A68894 /* [CP] Check Pods Manifest.lock */ = {
			isa = PBXShellScriptBuildPhase;
			buildActionMask = 2147483647;
			files = (
			);
			inputFileListPaths = (
			);
			inputPaths = (
				"${PODS_PODFILE_DIR_PATH}/Podfile.lock",
				"${PODS_ROOT}/Manifest.lock",
			);
			name = "[CP] Check Pods Manifest.lock";
			outputFileListPaths = (
			);
			outputPaths = (
				"$(DERIVED_FILE_DIR)/Pods-Beskar-checkManifestLockResult.txt",
			);
			runOnlyForDeploymentPostprocessing = 0;
			shellPath = /bin/sh;
			shellScript = "diff \"${PODS_PODFILE_DIR_PATH}/Podfile.lock\" \"${PODS_ROOT}/Manifest.lock\" > /dev/null\nif [ $? != 0 ] ; then\n    # print error to STDERR\n    echo \"error: The sandbox is not in sync with the Podfile.lock. Run 'pod install' or update your CocoaPods installation.\" >&2\n    exit 1\nfi\n# This output is used by Xcode 'outputs' to avoid re-running this script phase.\necho \"SUCCESS\" > \"${SCRIPT_OUTPUT_FILE_0}\"\n";
			showEnvVarsInLog = 0;
		};
/* End PBXShellScriptBuildPhase section */

/* Begin PBXSourcesBuildPhase section */
		7824689125CF990300B1B9E4 /* Sources */ = {
			isa = PBXSourcesBuildPhase;
			buildActionMask = 2147483647;
			files = (
				782E6D8D25D0404F0057705E /* AuthServiceMock.swift in Sources */,
				782468A425CF992B00B1B9E4 /* AppCoordinatorTests.swift in Sources */,
				782468AE25D03E8A00B1B9E4 /* NavigationControllerMock.swift in Sources */,
			);
			runOnlyForDeploymentPostprocessing = 0;
		};
		783222D425C378EF00D466ED /* Sources */ = {
			isa = PBXSourcesBuildPhase;
			buildActionMask = 2147483647;
			files = (
				784C344B25CF342600DA24E1 /* WelcomeViewController.swift in Sources */,
				7824688425CF78C600B1B9E4 /* ErrorViewController.swift in Sources */,
				782E6D9325D060BD0057705E /* LoadingViewController.swift in Sources */,
				78DB116325C6375100335F7B /* String+Helpers.swift in Sources */,
				7832230325C37BC800D466ED /* AppCoordinator.swift in Sources */,
				782E6D9B25D061860057705E /* LoadingView.swift in Sources */,
				782927DE25C50AF800F41574 /* Preferences.swift in Sources */,
				780770F125C769E300071EF3 /* RegexValidator.swift in Sources */,
				78C0909225D083E900C8563B /* LoggerSetUp.swift in Sources */,
				784C345525CF55F600DA24E1 /* WelcomeView.swift in Sources */,
				7824688225CF76C800B1B9E4 /* TabViewController.swift in Sources */,
				7829281F25C5C15700F41574 /* UIView+Helpers.swift in Sources */,
				780770ED25C75C0400071EF3 /* Collection+Helpers.swift in Sources */,
				783222FF25C37A6B00D466ED /* Coordinator.swift in Sources */,
				7824688925CF7B4A00B1B9E4 /* Accessibility.swift in Sources */,
				7824688625CF78EE00B1B9E4 /* ErrorView.swift in Sources */,
				783222DC25C378EF00D466ED /* AppDelegate.swift in Sources */,
			);
			runOnlyForDeploymentPostprocessing = 0;
		};
/* End PBXSourcesBuildPhase section */

/* Begin PBXTargetDependency section */
		7824689B25CF990300B1B9E4 /* PBXTargetDependency */ = {
			isa = PBXTargetDependency;
			target = 783222D725C378EF00D466ED /* Beskar */;
			targetProxy = 7824689A25CF990300B1B9E4 /* PBXContainerItemProxy */;
		};
/* End PBXTargetDependency section */

/* Begin PBXVariantGroup section */
		783222E625C378F000D466ED /* LaunchScreen.storyboard */ = {
			isa = PBXVariantGroup;
			children = (
				783222E725C378F000D466ED /* Base */,
			);
			name = LaunchScreen.storyboard;
			sourceTree = "<group>";
		};
/* End PBXVariantGroup section */

/* Begin XCBuildConfiguration section */
		7824689D25CF990300B1B9E4 /* Debug */ = {
			isa = XCBuildConfiguration;
			buildSettings = {
				BUNDLE_LOADER = "$(TEST_HOST)";
				CODE_SIGN_STYLE = Automatic;
				DEVELOPMENT_TEAM = V67S6WRV9Z;
				INFOPLIST_FILE = Tests/Info.plist;
				IPHONEOS_DEPLOYMENT_TARGET = 14.4;
				LD_RUNPATH_SEARCH_PATHS = (
					"$(inherited)",
					"@executable_path/Frameworks",
					"@loader_path/Frameworks",
				);
				PRODUCT_BUNDLE_IDENTIFIER = com.rusito23.BeskarTests;
				PRODUCT_NAME = "$(TARGET_NAME)";
				SWIFT_VERSION = 5.0;
				TARGETED_DEVICE_FAMILY = "1,2";
				TEST_HOST = "$(BUILT_PRODUCTS_DIR)/Beskar.app/Beskar";
			};
			name = Debug;
		};
		7824689E25CF990300B1B9E4 /* Release */ = {
			isa = XCBuildConfiguration;
			buildSettings = {
				BUNDLE_LOADER = "$(TEST_HOST)";
				CODE_SIGN_STYLE = Automatic;
				DEVELOPMENT_TEAM = V67S6WRV9Z;
				INFOPLIST_FILE = Tests/Info.plist;
				IPHONEOS_DEPLOYMENT_TARGET = 14.4;
				LD_RUNPATH_SEARCH_PATHS = (
					"$(inherited)",
					"@executable_path/Frameworks",
					"@loader_path/Frameworks",
				);
				PRODUCT_BUNDLE_IDENTIFIER = com.rusito23.BeskarTests;
				PRODUCT_NAME = "$(TARGET_NAME)";
				SWIFT_VERSION = 5.0;
				TARGETED_DEVICE_FAMILY = "1,2";
				TEST_HOST = "$(BUILT_PRODUCTS_DIR)/Beskar.app/Beskar";
			};
			name = Release;
		};
		783222EA25C378F000D466ED /* Debug */ = {
			isa = XCBuildConfiguration;
			buildSettings = {
				ALWAYS_SEARCH_USER_PATHS = NO;
				CLANG_ANALYZER_NONNULL = YES;
				CLANG_ANALYZER_NUMBER_OBJECT_CONVERSION = YES_AGGRESSIVE;
				CLANG_CXX_LANGUAGE_STANDARD = "gnu++14";
				CLANG_CXX_LIBRARY = "libc++";
				CLANG_ENABLE_MODULES = YES;
				CLANG_ENABLE_OBJC_ARC = YES;
				CLANG_ENABLE_OBJC_WEAK = YES;
				CLANG_WARN_BLOCK_CAPTURE_AUTORELEASING = YES;
				CLANG_WARN_BOOL_CONVERSION = YES;
				CLANG_WARN_COMMA = YES;
				CLANG_WARN_CONSTANT_CONVERSION = YES;
				CLANG_WARN_DEPRECATED_OBJC_IMPLEMENTATIONS = YES;
				CLANG_WARN_DIRECT_OBJC_ISA_USAGE = YES_ERROR;
				CLANG_WARN_DOCUMENTATION_COMMENTS = YES;
				CLANG_WARN_EMPTY_BODY = YES;
				CLANG_WARN_ENUM_CONVERSION = YES;
				CLANG_WARN_INFINITE_RECURSION = YES;
				CLANG_WARN_INT_CONVERSION = YES;
				CLANG_WARN_NON_LITERAL_NULL_CONVERSION = YES;
				CLANG_WARN_OBJC_IMPLICIT_RETAIN_SELF = YES;
				CLANG_WARN_OBJC_LITERAL_CONVERSION = YES;
				CLANG_WARN_OBJC_ROOT_CLASS = YES_ERROR;
				CLANG_WARN_QUOTED_INCLUDE_IN_FRAMEWORK_HEADER = YES;
				CLANG_WARN_RANGE_LOOP_ANALYSIS = YES;
				CLANG_WARN_STRICT_PROTOTYPES = YES;
				CLANG_WARN_SUSPICIOUS_MOVE = YES;
				CLANG_WARN_UNGUARDED_AVAILABILITY = YES_AGGRESSIVE;
				CLANG_WARN_UNREACHABLE_CODE = YES;
				CLANG_WARN__DUPLICATE_METHOD_MATCH = YES;
				COPY_PHASE_STRIP = NO;
				DEBUG_INFORMATION_FORMAT = dwarf;
				ENABLE_STRICT_OBJC_MSGSEND = YES;
				ENABLE_TESTABILITY = YES;
				GCC_C_LANGUAGE_STANDARD = gnu11;
				GCC_DYNAMIC_NO_PIC = NO;
				GCC_NO_COMMON_BLOCKS = YES;
				GCC_OPTIMIZATION_LEVEL = 0;
				GCC_PREPROCESSOR_DEFINITIONS = (
					"DEBUG=1",
					"$(inherited)",
				);
				GCC_WARN_64_TO_32_BIT_CONVERSION = YES;
				GCC_WARN_ABOUT_RETURN_TYPE = YES_ERROR;
				GCC_WARN_UNDECLARED_SELECTOR = YES;
				GCC_WARN_UNINITIALIZED_AUTOS = YES_AGGRESSIVE;
				GCC_WARN_UNUSED_FUNCTION = YES;
				GCC_WARN_UNUSED_VARIABLE = YES;
				IPHONEOS_DEPLOYMENT_TARGET = 14.2;
				MTL_ENABLE_DEBUG_INFO = INCLUDE_SOURCE;
				MTL_FAST_MATH = YES;
				ONLY_ACTIVE_ARCH = YES;
				SDKROOT = iphoneos;
				SWIFT_ACTIVE_COMPILATION_CONDITIONS = DEBUG;
				SWIFT_OPTIMIZATION_LEVEL = "-Onone";
			};
			name = Debug;
		};
		783222EB25C378F000D466ED /* Release */ = {
			isa = XCBuildConfiguration;
			buildSettings = {
				ALWAYS_SEARCH_USER_PATHS = NO;
				CLANG_ANALYZER_NONNULL = YES;
				CLANG_ANALYZER_NUMBER_OBJECT_CONVERSION = YES_AGGRESSIVE;
				CLANG_CXX_LANGUAGE_STANDARD = "gnu++14";
				CLANG_CXX_LIBRARY = "libc++";
				CLANG_ENABLE_MODULES = YES;
				CLANG_ENABLE_OBJC_ARC = YES;
				CLANG_ENABLE_OBJC_WEAK = YES;
				CLANG_WARN_BLOCK_CAPTURE_AUTORELEASING = YES;
				CLANG_WARN_BOOL_CONVERSION = YES;
				CLANG_WARN_COMMA = YES;
				CLANG_WARN_CONSTANT_CONVERSION = YES;
				CLANG_WARN_DEPRECATED_OBJC_IMPLEMENTATIONS = YES;
				CLANG_WARN_DIRECT_OBJC_ISA_USAGE = YES_ERROR;
				CLANG_WARN_DOCUMENTATION_COMMENTS = YES;
				CLANG_WARN_EMPTY_BODY = YES;
				CLANG_WARN_ENUM_CONVERSION = YES;
				CLANG_WARN_INFINITE_RECURSION = YES;
				CLANG_WARN_INT_CONVERSION = YES;
				CLANG_WARN_NON_LITERAL_NULL_CONVERSION = YES;
				CLANG_WARN_OBJC_IMPLICIT_RETAIN_SELF = YES;
				CLANG_WARN_OBJC_LITERAL_CONVERSION = YES;
				CLANG_WARN_OBJC_ROOT_CLASS = YES_ERROR;
				CLANG_WARN_QUOTED_INCLUDE_IN_FRAMEWORK_HEADER = YES;
				CLANG_WARN_RANGE_LOOP_ANALYSIS = YES;
				CLANG_WARN_STRICT_PROTOTYPES = YES;
				CLANG_WARN_SUSPICIOUS_MOVE = YES;
				CLANG_WARN_UNGUARDED_AVAILABILITY = YES_AGGRESSIVE;
				CLANG_WARN_UNREACHABLE_CODE = YES;
				CLANG_WARN__DUPLICATE_METHOD_MATCH = YES;
				COPY_PHASE_STRIP = NO;
				DEBUG_INFORMATION_FORMAT = "dwarf-with-dsym";
				ENABLE_NS_ASSERTIONS = NO;
				ENABLE_STRICT_OBJC_MSGSEND = YES;
				GCC_C_LANGUAGE_STANDARD = gnu11;
				GCC_NO_COMMON_BLOCKS = YES;
				GCC_WARN_64_TO_32_BIT_CONVERSION = YES;
				GCC_WARN_ABOUT_RETURN_TYPE = YES_ERROR;
				GCC_WARN_UNDECLARED_SELECTOR = YES;
				GCC_WARN_UNINITIALIZED_AUTOS = YES_AGGRESSIVE;
				GCC_WARN_UNUSED_FUNCTION = YES;
				GCC_WARN_UNUSED_VARIABLE = YES;
				IPHONEOS_DEPLOYMENT_TARGET = 14.2;
				MTL_ENABLE_DEBUG_INFO = NO;
				MTL_FAST_MATH = YES;
				SDKROOT = iphoneos;
				SWIFT_COMPILATION_MODE = wholemodule;
				SWIFT_OPTIMIZATION_LEVEL = "-O";
				VALIDATE_PRODUCT = YES;
			};
			name = Release;
		};
		783222ED25C378F000D466ED /* Debug */ = {
			isa = XCBuildConfiguration;
			baseConfigurationReference = DCCC7C8C290A48F8F57AC728 /* Pods-Beskar.debug.xcconfig */;
			buildSettings = {
				ASSETCATALOG_COMPILER_APPICON_NAME = AppIcon;
				ASSETCATALOG_COMPILER_GLOBAL_ACCENT_COLOR_NAME = AccentColor;
				CODE_SIGN_STYLE = Automatic;
				DEVELOPMENT_TEAM = V67S6WRV9Z;
				INFOPLIST_FILE = Resources/Info.plist;
				IPHONEOS_DEPLOYMENT_TARGET = 14.0;
				LD_RUNPATH_SEARCH_PATHS = (
					"$(inherited)",
					"@executable_path/Frameworks",
				);
				PRODUCT_BUNDLE_IDENTIFIER = com.rusito23.Beskar;
				PRODUCT_NAME = "$(TARGET_NAME)";
				SWIFT_VERSION = 5.0;
				TARGETED_DEVICE_FAMILY = 1;
			};
			name = Debug;
		};
		783222EE25C378F000D466ED /* Release */ = {
			isa = XCBuildConfiguration;
			baseConfigurationReference = 36F6EF945829005FD033F5B5 /* Pods-Beskar.release.xcconfig */;
			buildSettings = {
				ASSETCATALOG_COMPILER_APPICON_NAME = AppIcon;
				ASSETCATALOG_COMPILER_GLOBAL_ACCENT_COLOR_NAME = AccentColor;
				CODE_SIGN_STYLE = Automatic;
				DEVELOPMENT_TEAM = V67S6WRV9Z;
				INFOPLIST_FILE = Resources/Info.plist;
				IPHONEOS_DEPLOYMENT_TARGET = 14.0;
				LD_RUNPATH_SEARCH_PATHS = (
					"$(inherited)",
					"@executable_path/Frameworks",
				);
				PRODUCT_BUNDLE_IDENTIFIER = com.rusito23.Beskar;
				PRODUCT_NAME = "$(TARGET_NAME)";
				SWIFT_VERSION = 5.0;
				TARGETED_DEVICE_FAMILY = 1;
			};
			name = Release;
		};
/* End XCBuildConfiguration section */

/* Begin XCConfigurationList section */
		7824689C25CF990300B1B9E4 /* Build configuration list for PBXNativeTarget "BeskarTests" */ = {
			isa = XCConfigurationList;
			buildConfigurations = (
				7824689D25CF990300B1B9E4 /* Debug */,
				7824689E25CF990300B1B9E4 /* Release */,
			);
			defaultConfigurationIsVisible = 0;
			defaultConfigurationName = Release;
		};
		783222D325C378EF00D466ED /* Build configuration list for PBXProject "Beskar" */ = {
			isa = XCConfigurationList;
			buildConfigurations = (
				783222EA25C378F000D466ED /* Debug */,
				783222EB25C378F000D466ED /* Release */,
			);
			defaultConfigurationIsVisible = 0;
			defaultConfigurationName = Release;
		};
		783222EC25C378F000D466ED /* Build configuration list for PBXNativeTarget "Beskar" */ = {
			isa = XCConfigurationList;
			buildConfigurations = (
				783222ED25C378F000D466ED /* Debug */,
				783222EE25C378F000D466ED /* Release */,
			);
			defaultConfigurationIsVisible = 0;
			defaultConfigurationName = Release;
		};
/* End XCConfigurationList section */
	};
	rootObject = 783222D025C378EF00D466ED /* Project object */;
}
