// !$*UTF8*$!
{
	archiveVersion = 1;
	classes = {
	};
	objectVersion = 50;
	objects = {

/* Begin PBXBuildFile section */
		780770DF25C6391700071EF3 /* Localizable.strings in Resources */ = {isa = PBXBuildFile; fileRef = 780770DE25C6391700071EF3 /* Localizable.strings */; };
		782927D925C4AC7F00F41574 /* WalletSelectionViewController.swift in Sources */ = {isa = PBXBuildFile; fileRef = 782927D825C4AC7F00F41574 /* WalletSelectionViewController.swift */; };
		782927DE25C50AF800F41574 /* Preferences.swift in Sources */ = {isa = PBXBuildFile; fileRef = 782927DD25C50AF800F41574 /* Preferences.swift */; };
		782927F825C50BB900F41574 /* BeskarKit.framework in Frameworks */ = {isa = PBXBuildFile; fileRef = 782927F725C50BB900F41574 /* BeskarKit.framework */; };
		782927F925C50BB900F41574 /* BeskarKit.framework in Embed Frameworks */ = {isa = PBXBuildFile; fileRef = 782927F725C50BB900F41574 /* BeskarKit.framework */; settings = {ATTRIBUTES = (CodeSignOnCopy, RemoveHeadersOnCopy, ); }; };
		7829280425C5145000F41574 /* RegisterViewController.swift in Sources */ = {isa = PBXBuildFile; fileRef = 7829280325C5145000F41574 /* RegisterViewController.swift */; };
		7829280925C5AC5500F41574 /* LoginViewController.swift in Sources */ = {isa = PBXBuildFile; fileRef = 7829280825C5AC5500F41574 /* LoginViewController.swift */; };
		7829280B25C5AEB900F41574 /* RegisterView.swift in Sources */ = {isa = PBXBuildFile; fileRef = 7829280A25C5AEB900F41574 /* RegisterView.swift */; };
		7829281F25C5C15700F41574 /* UIView+Helpers.swift in Sources */ = {isa = PBXBuildFile; fileRef = 7829281E25C5C15700F41574 /* UIView+Helpers.swift */; };
		783222DC25C378EF00D466ED /* AppDelegate.swift in Sources */ = {isa = PBXBuildFile; fileRef = 783222DB25C378EF00D466ED /* AppDelegate.swift */; };
		783222DE25C378EF00D466ED /* SceneDelegate.swift in Sources */ = {isa = PBXBuildFile; fileRef = 783222DD25C378EF00D466ED /* SceneDelegate.swift */; };
		783222E025C378EF00D466ED /* TabViewController.swift in Sources */ = {isa = PBXBuildFile; fileRef = 783222DF25C378EF00D466ED /* TabViewController.swift */; };
		783222E525C378F000D466ED /* Assets.xcassets in Resources */ = {isa = PBXBuildFile; fileRef = 783222E425C378F000D466ED /* Assets.xcassets */; };
		783222E825C378F000D466ED /* LaunchScreen.storyboard in Resources */ = {isa = PBXBuildFile; fileRef = 783222E625C378F000D466ED /* LaunchScreen.storyboard */; };
		783222FF25C37A6B00D466ED /* Coordinator.swift in Sources */ = {isa = PBXBuildFile; fileRef = 783222FE25C37A6B00D466ED /* Coordinator.swift */; };
		7832230325C37BC800D466ED /* AppCoordinator.swift in Sources */ = {isa = PBXBuildFile; fileRef = 7832230225C37BC800D466ED /* AppCoordinator.swift */; };
		7832236425C44B9800D466ED /* BeskarUI.framework in Frameworks */ = {isa = PBXBuildFile; fileRef = 7832236325C44B9800D466ED /* BeskarUI.framework */; };
		7832236525C44B9800D466ED /* BeskarUI.framework in Embed Frameworks */ = {isa = PBXBuildFile; fileRef = 7832236325C44B9800D466ED /* BeskarUI.framework */; settings = {ATTRIBUTES = (CodeSignOnCopy, RemoveHeadersOnCopy, ); }; };
		78DB116325C6375100335F7B /* Localization.swift in Sources */ = {isa = PBXBuildFile; fileRef = 78DB116225C6375100335F7B /* Localization.swift */; };
		78ECC27A25C6153400880193 /* RegisterViewModel.swift in Sources */ = {isa = PBXBuildFile; fileRef = 78ECC27925C6153400880193 /* RegisterViewModel.swift */; };
/* End PBXBuildFile section */

/* Begin PBXCopyFilesBuildPhase section */
		7832236625C44B9800D466ED /* Embed Frameworks */ = {
			isa = PBXCopyFilesBuildPhase;
			buildActionMask = 2147483647;
			dstPath = "";
			dstSubfolderSpec = 10;
			files = (
				7832236525C44B9800D466ED /* BeskarUI.framework in Embed Frameworks */,
				782927F925C50BB900F41574 /* BeskarKit.framework in Embed Frameworks */,
			);
			name = "Embed Frameworks";
			runOnlyForDeploymentPostprocessing = 0;
		};
/* End PBXCopyFilesBuildPhase section */

/* Begin PBXFileReference section */
		780770DE25C6391700071EF3 /* Localizable.strings */ = {isa = PBXFileReference; lastKnownFileType = text.plist.strings; path = Localizable.strings; sourceTree = "<group>"; };
		782927D825C4AC7F00F41574 /* WalletSelectionViewController.swift */ = {isa = PBXFileReference; lastKnownFileType = sourcecode.swift; path = WalletSelectionViewController.swift; sourceTree = "<group>"; };
		782927DD25C50AF800F41574 /* Preferences.swift */ = {isa = PBXFileReference; lastKnownFileType = sourcecode.swift; path = Preferences.swift; sourceTree = "<group>"; };
		782927F725C50BB900F41574 /* BeskarKit.framework */ = {isa = PBXFileReference; explicitFileType = wrapper.framework; path = BeskarKit.framework; sourceTree = BUILT_PRODUCTS_DIR; };
		7829280325C5145000F41574 /* RegisterViewController.swift */ = {isa = PBXFileReference; lastKnownFileType = sourcecode.swift; path = RegisterViewController.swift; sourceTree = "<group>"; };
		7829280825C5AC5500F41574 /* LoginViewController.swift */ = {isa = PBXFileReference; lastKnownFileType = sourcecode.swift; path = LoginViewController.swift; sourceTree = "<group>"; };
		7829280A25C5AEB900F41574 /* RegisterView.swift */ = {isa = PBXFileReference; lastKnownFileType = sourcecode.swift; path = RegisterView.swift; sourceTree = "<group>"; };
		7829281E25C5C15700F41574 /* UIView+Helpers.swift */ = {isa = PBXFileReference; lastKnownFileType = sourcecode.swift; path = "UIView+Helpers.swift"; sourceTree = "<group>"; };
		783222D825C378EF00D466ED /* Beskar.app */ = {isa = PBXFileReference; explicitFileType = wrapper.application; includeInIndex = 0; path = Beskar.app; sourceTree = BUILT_PRODUCTS_DIR; };
		783222DB25C378EF00D466ED /* AppDelegate.swift */ = {isa = PBXFileReference; lastKnownFileType = sourcecode.swift; path = AppDelegate.swift; sourceTree = "<group>"; };
		783222DD25C378EF00D466ED /* SceneDelegate.swift */ = {isa = PBXFileReference; lastKnownFileType = sourcecode.swift; path = SceneDelegate.swift; sourceTree = "<group>"; };
		783222DF25C378EF00D466ED /* TabViewController.swift */ = {isa = PBXFileReference; lastKnownFileType = sourcecode.swift; path = TabViewController.swift; sourceTree = "<group>"; };
		783222E425C378F000D466ED /* Assets.xcassets */ = {isa = PBXFileReference; lastKnownFileType = folder.assetcatalog; path = Assets.xcassets; sourceTree = "<group>"; };
		783222E725C378F000D466ED /* Base */ = {isa = PBXFileReference; lastKnownFileType = file.storyboard; name = Base; path = Base.lproj/LaunchScreen.storyboard; sourceTree = "<group>"; };
		783222E925C378F000D466ED /* Info.plist */ = {isa = PBXFileReference; lastKnownFileType = text.plist.xml; path = Info.plist; sourceTree = "<group>"; };
		783222FE25C37A6B00D466ED /* Coordinator.swift */ = {isa = PBXFileReference; lastKnownFileType = sourcecode.swift; path = Coordinator.swift; sourceTree = "<group>"; };
		7832230225C37BC800D466ED /* AppCoordinator.swift */ = {isa = PBXFileReference; lastKnownFileType = sourcecode.swift; path = AppCoordinator.swift; sourceTree = "<group>"; };
		7832236325C44B9800D466ED /* BeskarUI.framework */ = {isa = PBXFileReference; explicitFileType = wrapper.framework; path = BeskarUI.framework; sourceTree = BUILT_PRODUCTS_DIR; };
		78DB116225C6375100335F7B /* Localization.swift */ = {isa = PBXFileReference; lastKnownFileType = sourcecode.swift; path = Localization.swift; sourceTree = "<group>"; };
		78ECC27925C6153400880193 /* RegisterViewModel.swift */ = {isa = PBXFileReference; lastKnownFileType = sourcecode.swift; path = RegisterViewModel.swift; sourceTree = "<group>"; };
/* End PBXFileReference section */

/* Begin PBXFrameworksBuildPhase section */
		783222D525C378EF00D466ED /* Frameworks */ = {
			isa = PBXFrameworksBuildPhase;
			buildActionMask = 2147483647;
			files = (
				7832236425C44B9800D466ED /* BeskarUI.framework in Frameworks */,
				782927F825C50BB900F41574 /* BeskarKit.framework in Frameworks */,
			);
			runOnlyForDeploymentPostprocessing = 0;
		};
/* End PBXFrameworksBuildPhase section */

/* Begin PBXGroup section */
		782927DB25C50ACF00F41574 /* View */ = {
			isa = PBXGroup;
			children = (
				7829280A25C5AEB900F41574 /* RegisterView.swift */,
			);
			path = View;
			sourceTree = "<group>";
		};
		782927DC25C50AE300F41574 /* Common */ = {
			isa = PBXGroup;
			children = (
				782927DD25C50AF800F41574 /* Preferences.swift */,
				7829281E25C5C15700F41574 /* UIView+Helpers.swift */,
				78DB116225C6375100335F7B /* Localization.swift */,
			);
			path = Common;
			sourceTree = "<group>";
		};
		783222CF25C378EF00D466ED = {
			isa = PBXGroup;
			children = (
				783222F425C3794000D466ED /* Resources */,
				783222F225C3791E00D466ED /* Sources */,
				783222D925C378EF00D466ED /* Products */,
				7832236225C44B9700D466ED /* Frameworks */,
			);
			sourceTree = "<group>";
		};
		783222D925C378EF00D466ED /* Products */ = {
			isa = PBXGroup;
			children = (
				783222D825C378EF00D466ED /* Beskar.app */,
			);
			name = Products;
			sourceTree = "<group>";
		};
		783222F125C3791700D466ED /* Controller */ = {
			isa = PBXGroup;
			children = (
				783222DF25C378EF00D466ED /* TabViewController.swift */,
				782927D825C4AC7F00F41574 /* WalletSelectionViewController.swift */,
				7829280325C5145000F41574 /* RegisterViewController.swift */,
				7829280825C5AC5500F41574 /* LoginViewController.swift */,
			);
			path = Controller;
			sourceTree = "<group>";
		};
		783222F225C3791E00D466ED /* Sources */ = {
			isa = PBXGroup;
			children = (
				783222F625C3796800D466ED /* Base */,
				782927DC25C50AE300F41574 /* Common */,
				783222FD25C37A6000D466ED /* Coordinator */,
				783222F125C3791700D466ED /* Controller */,
				782927DB25C50ACF00F41574 /* View */,
				78ECC27825C6152300880193 /* ViewModel */,
			);
			path = Sources;
			sourceTree = "<group>";
		};
		783222F425C3794000D466ED /* Resources */ = {
			isa = PBXGroup;
			children = (
				783222E925C378F000D466ED /* Info.plist */,
				783222E625C378F000D466ED /* LaunchScreen.storyboard */,
				783222E425C378F000D466ED /* Assets.xcassets */,
				780770DE25C6391700071EF3 /* Localizable.strings */,
			);
			path = Resources;
			sourceTree = "<group>";
		};
		783222F625C3796800D466ED /* Base */ = {
			isa = PBXGroup;
			children = (
				783222DB25C378EF00D466ED /* AppDelegate.swift */,
				783222DD25C378EF00D466ED /* SceneDelegate.swift */,
			);
			path = Base;
			sourceTree = "<group>";
		};
		783222FD25C37A6000D466ED /* Coordinator */ = {
			isa = PBXGroup;
			children = (
				783222FE25C37A6B00D466ED /* Coordinator.swift */,
				7832230225C37BC800D466ED /* AppCoordinator.swift */,
			);
			path = Coordinator;
			sourceTree = "<group>";
		};
		7832236225C44B9700D466ED /* Frameworks */ = {
			isa = PBXGroup;
			children = (
				782927F725C50BB900F41574 /* BeskarKit.framework */,
				7832236325C44B9800D466ED /* BeskarUI.framework */,
			);
			name = Frameworks;
			sourceTree = "<group>";
		};
		78ECC27825C6152300880193 /* ViewModel */ = {
			isa = PBXGroup;
			children = (
				78ECC27925C6153400880193 /* RegisterViewModel.swift */,
			);
			path = ViewModel;
			sourceTree = "<group>";
		};
/* End PBXGroup section */

/* Begin PBXNativeTarget section */
		783222D725C378EF00D466ED /* Beskar */ = {
			isa = PBXNativeTarget;
			buildConfigurationList = 783222EC25C378F000D466ED /* Build configuration list for PBXNativeTarget "Beskar" */;
			buildPhases = (
				783222D425C378EF00D466ED /* Sources */,
				783222D525C378EF00D466ED /* Frameworks */,
				783222D625C378EF00D466ED /* Resources */,
				7832236625C44B9800D466ED /* Embed Frameworks */,
			);
			buildRules = (
			);
			dependencies = (
			);
			name = Beskar;
			productName = Beskar;
			productReference = 783222D825C378EF00D466ED /* Beskar.app */;
			productType = "com.apple.product-type.application";
		};
/* End PBXNativeTarget section */

/* Begin PBXProject section */
		783222D025C378EF00D466ED /* Project object */ = {
			isa = PBXProject;
			attributes = {
				LastSwiftUpdateCheck = 1220;
				LastUpgradeCheck = 1220;
				TargetAttributes = {
					783222D725C378EF00D466ED = {
						CreatedOnToolsVersion = 12.2;
					};
				};
			};
			buildConfigurationList = 783222D325C378EF00D466ED /* Build configuration list for PBXProject "Beskar" */;
			compatibilityVersion = "Xcode 9.3";
			developmentRegion = en;
			hasScannedForEncodings = 0;
			knownRegions = (
				en,
				Base,
			);
			mainGroup = 783222CF25C378EF00D466ED;
			productRefGroup = 783222D925C378EF00D466ED /* Products */;
			projectDirPath = "";
			projectRoot = "";
			targets = (
				783222D725C378EF00D466ED /* Beskar */,
			);
		};
/* End PBXProject section */

/* Begin PBXResourcesBuildPhase section */
		783222D625C378EF00D466ED /* Resources */ = {
			isa = PBXResourcesBuildPhase;
			buildActionMask = 2147483647;
			files = (
				783222E825C378F000D466ED /* LaunchScreen.storyboard in Resources */,
				780770DF25C6391700071EF3 /* Localizable.strings in Resources */,
				783222E525C378F000D466ED /* Assets.xcassets in Resources */,
			);
			runOnlyForDeploymentPostprocessing = 0;
		};
/* End PBXResourcesBuildPhase section */

/* Begin PBXSourcesBuildPhase section */
		783222D425C378EF00D466ED /* Sources */ = {
			isa = PBXSourcesBuildPhase;
			buildActionMask = 2147483647;
			files = (
				7829280925C5AC5500F41574 /* LoginViewController.swift in Sources */,
				78DB116325C6375100335F7B /* Localization.swift in Sources */,
				7832230325C37BC800D466ED /* AppCoordinator.swift in Sources */,
				7829280425C5145000F41574 /* RegisterViewController.swift in Sources */,
				782927DE25C50AF800F41574 /* Preferences.swift in Sources */,
				783222E025C378EF00D466ED /* TabViewController.swift in Sources */,
				7829280B25C5AEB900F41574 /* RegisterView.swift in Sources */,
				78ECC27A25C6153400880193 /* RegisterViewModel.swift in Sources */,
				7829281F25C5C15700F41574 /* UIView+Helpers.swift in Sources */,
				783222FF25C37A6B00D466ED /* Coordinator.swift in Sources */,
				782927D925C4AC7F00F41574 /* WalletSelectionViewController.swift in Sources */,
				783222DC25C378EF00D466ED /* AppDelegate.swift in Sources */,
				783222DE25C378EF00D466ED /* SceneDelegate.swift in Sources */,
			);
			runOnlyForDeploymentPostprocessing = 0;
		};
/* End PBXSourcesBuildPhase section */

/* Begin PBXVariantGroup section */
		783222E625C378F000D466ED /* LaunchScreen.storyboard */ = {
			isa = PBXVariantGroup;
			children = (
				783222E725C378F000D466ED /* Base */,
			);
			name = LaunchScreen.storyboard;
			sourceTree = "<group>";
		};
/* End PBXVariantGroup section */

/* Begin XCBuildConfiguration section */
		783222EA25C378F000D466ED /* Debug */ = {
			isa = XCBuildConfiguration;
			buildSettings = {
				ALWAYS_SEARCH_USER_PATHS = NO;
				CLANG_ANALYZER_NONNULL = YES;
				CLANG_ANALYZER_NUMBER_OBJECT_CONVERSION = YES_AGGRESSIVE;
				CLANG_CXX_LANGUAGE_STANDARD = "gnu++14";
				CLANG_CXX_LIBRARY = "libc++";
				CLANG_ENABLE_MODULES = YES;
				CLANG_ENABLE_OBJC_ARC = YES;
				CLANG_ENABLE_OBJC_WEAK = YES;
				CLANG_WARN_BLOCK_CAPTURE_AUTORELEASING = YES;
				CLANG_WARN_BOOL_CONVERSION = YES;
				CLANG_WARN_COMMA = YES;
				CLANG_WARN_CONSTANT_CONVERSION = YES;
				CLANG_WARN_DEPRECATED_OBJC_IMPLEMENTATIONS = YES;
				CLANG_WARN_DIRECT_OBJC_ISA_USAGE = YES_ERROR;
				CLANG_WARN_DOCUMENTATION_COMMENTS = YES;
				CLANG_WARN_EMPTY_BODY = YES;
				CLANG_WARN_ENUM_CONVERSION = YES;
				CLANG_WARN_INFINITE_RECURSION = YES;
				CLANG_WARN_INT_CONVERSION = YES;
				CLANG_WARN_NON_LITERAL_NULL_CONVERSION = YES;
				CLANG_WARN_OBJC_IMPLICIT_RETAIN_SELF = YES;
				CLANG_WARN_OBJC_LITERAL_CONVERSION = YES;
				CLANG_WARN_OBJC_ROOT_CLASS = YES_ERROR;
				CLANG_WARN_QUOTED_INCLUDE_IN_FRAMEWORK_HEADER = YES;
				CLANG_WARN_RANGE_LOOP_ANALYSIS = YES;
				CLANG_WARN_STRICT_PROTOTYPES = YES;
				CLANG_WARN_SUSPICIOUS_MOVE = YES;
				CLANG_WARN_UNGUARDED_AVAILABILITY = YES_AGGRESSIVE;
				CLANG_WARN_UNREACHABLE_CODE = YES;
				CLANG_WARN__DUPLICATE_METHOD_MATCH = YES;
				COPY_PHASE_STRIP = NO;
				DEBUG_INFORMATION_FORMAT = dwarf;
				ENABLE_STRICT_OBJC_MSGSEND = YES;
				ENABLE_TESTABILITY = YES;
				GCC_C_LANGUAGE_STANDARD = gnu11;
				GCC_DYNAMIC_NO_PIC = NO;
				GCC_NO_COMMON_BLOCKS = YES;
				GCC_OPTIMIZATION_LEVEL = 0;
				GCC_PREPROCESSOR_DEFINITIONS = (
					"DEBUG=1",
					"$(inherited)",
				);
				GCC_WARN_64_TO_32_BIT_CONVERSION = YES;
				GCC_WARN_ABOUT_RETURN_TYPE = YES_ERROR;
				GCC_WARN_UNDECLARED_SELECTOR = YES;
				GCC_WARN_UNINITIALIZED_AUTOS = YES_AGGRESSIVE;
				GCC_WARN_UNUSED_FUNCTION = YES;
				GCC_WARN_UNUSED_VARIABLE = YES;
				IPHONEOS_DEPLOYMENT_TARGET = 14.2;
				MTL_ENABLE_DEBUG_INFO = INCLUDE_SOURCE;
				MTL_FAST_MATH = YES;
				ONLY_ACTIVE_ARCH = YES;
				SDKROOT = iphoneos;
				SWIFT_ACTIVE_COMPILATION_CONDITIONS = DEBUG;
				SWIFT_OPTIMIZATION_LEVEL = "-Onone";
			};
			name = Debug;
		};
		783222EB25C378F000D466ED /* Release */ = {
			isa = XCBuildConfiguration;
			buildSettings = {
				ALWAYS_SEARCH_USER_PATHS = NO;
				CLANG_ANALYZER_NONNULL = YES;
				CLANG_ANALYZER_NUMBER_OBJECT_CONVERSION = YES_AGGRESSIVE;
				CLANG_CXX_LANGUAGE_STANDARD = "gnu++14";
				CLANG_CXX_LIBRARY = "libc++";
				CLANG_ENABLE_MODULES = YES;
				CLANG_ENABLE_OBJC_ARC = YES;
				CLANG_ENABLE_OBJC_WEAK = YES;
				CLANG_WARN_BLOCK_CAPTURE_AUTORELEASING = YES;
				CLANG_WARN_BOOL_CONVERSION = YES;
				CLANG_WARN_COMMA = YES;
				CLANG_WARN_CONSTANT_CONVERSION = YES;
				CLANG_WARN_DEPRECATED_OBJC_IMPLEMENTATIONS = YES;
				CLANG_WARN_DIRECT_OBJC_ISA_USAGE = YES_ERROR;
				CLANG_WARN_DOCUMENTATION_COMMENTS = YES;
				CLANG_WARN_EMPTY_BODY = YES;
				CLANG_WARN_ENUM_CONVERSION = YES;
				CLANG_WARN_INFINITE_RECURSION = YES;
				CLANG_WARN_INT_CONVERSION = YES;
				CLANG_WARN_NON_LITERAL_NULL_CONVERSION = YES;
				CLANG_WARN_OBJC_IMPLICIT_RETAIN_SELF = YES;
				CLANG_WARN_OBJC_LITERAL_CONVERSION = YES;
				CLANG_WARN_OBJC_ROOT_CLASS = YES_ERROR;
				CLANG_WARN_QUOTED_INCLUDE_IN_FRAMEWORK_HEADER = YES;
				CLANG_WARN_RANGE_LOOP_ANALYSIS = YES;
				CLANG_WARN_STRICT_PROTOTYPES = YES;
				CLANG_WARN_SUSPICIOUS_MOVE = YES;
				CLANG_WARN_UNGUARDED_AVAILABILITY = YES_AGGRESSIVE;
				CLANG_WARN_UNREACHABLE_CODE = YES;
				CLANG_WARN__DUPLICATE_METHOD_MATCH = YES;
				COPY_PHASE_STRIP = NO;
				DEBUG_INFORMATION_FORMAT = "dwarf-with-dsym";
				ENABLE_NS_ASSERTIONS = NO;
				ENABLE_STRICT_OBJC_MSGSEND = YES;
				GCC_C_LANGUAGE_STANDARD = gnu11;
				GCC_NO_COMMON_BLOCKS = YES;
				GCC_WARN_64_TO_32_BIT_CONVERSION = YES;
				GCC_WARN_ABOUT_RETURN_TYPE = YES_ERROR;
				GCC_WARN_UNDECLARED_SELECTOR = YES;
				GCC_WARN_UNINITIALIZED_AUTOS = YES_AGGRESSIVE;
				GCC_WARN_UNUSED_FUNCTION = YES;
				GCC_WARN_UNUSED_VARIABLE = YES;
				IPHONEOS_DEPLOYMENT_TARGET = 14.2;
				MTL_ENABLE_DEBUG_INFO = NO;
				MTL_FAST_MATH = YES;
				SDKROOT = iphoneos;
				SWIFT_COMPILATION_MODE = wholemodule;
				SWIFT_OPTIMIZATION_LEVEL = "-O";
				VALIDATE_PRODUCT = YES;
			};
			name = Release;
		};
		783222ED25C378F000D466ED /* Debug */ = {
			isa = XCBuildConfiguration;
			buildSettings = {
				ASSETCATALOG_COMPILER_APPICON_NAME = AppIcon;
				ASSETCATALOG_COMPILER_GLOBAL_ACCENT_COLOR_NAME = AccentColor;
				CODE_SIGN_STYLE = Automatic;
				DEVELOPMENT_TEAM = V67S6WRV9Z;
				INFOPLIST_FILE = Resources/Info.plist;
				IPHONEOS_DEPLOYMENT_TARGET = 14.0;
				LD_RUNPATH_SEARCH_PATHS = (
					"$(inherited)",
					"@executable_path/Frameworks",
				);
				PRODUCT_BUNDLE_IDENTIFIER = com.rusito23.Beskar;
				PRODUCT_NAME = "$(TARGET_NAME)";
				SWIFT_VERSION = 5.0;
				TARGETED_DEVICE_FAMILY = 1;
			};
			name = Debug;
		};
		783222EE25C378F000D466ED /* Release */ = {
			isa = XCBuildConfiguration;
			buildSettings = {
				ASSETCATALOG_COMPILER_APPICON_NAME = AppIcon;
				ASSETCATALOG_COMPILER_GLOBAL_ACCENT_COLOR_NAME = AccentColor;
				CODE_SIGN_STYLE = Automatic;
				DEVELOPMENT_TEAM = V67S6WRV9Z;
				INFOPLIST_FILE = Resources/Info.plist;
				IPHONEOS_DEPLOYMENT_TARGET = 14.0;
				LD_RUNPATH_SEARCH_PATHS = (
					"$(inherited)",
					"@executable_path/Frameworks",
				);
				PRODUCT_BUNDLE_IDENTIFIER = com.rusito23.Beskar;
				PRODUCT_NAME = "$(TARGET_NAME)";
				SWIFT_VERSION = 5.0;
				TARGETED_DEVICE_FAMILY = 1;
			};
			name = Release;
		};
/* End XCBuildConfiguration section */

/* Begin XCConfigurationList section */
		783222D325C378EF00D466ED /* Build configuration list for PBXProject "Beskar" */ = {
			isa = XCConfigurationList;
			buildConfigurations = (
				783222EA25C378F000D466ED /* Debug */,
				783222EB25C378F000D466ED /* Release */,
			);
			defaultConfigurationIsVisible = 0;
			defaultConfigurationName = Release;
		};
		783222EC25C378F000D466ED /* Build configuration list for PBXNativeTarget "Beskar" */ = {
			isa = XCConfigurationList;
			buildConfigurations = (
				783222ED25C378F000D466ED /* Debug */,
				783222EE25C378F000D466ED /* Release */,
			);
			defaultConfigurationIsVisible = 0;
			defaultConfigurationName = Release;
		};
/* End XCConfigurationList section */
	};
	rootObject = 783222D025C378EF00D466ED /* Project object */;
}
